
Microsoft Visual Studio Solution File, Format Version 12.00
# Visual Studio Version 17
VisualStudioVersion = 17.2.32602.215
MinimumVisualStudioVersion = 10.0.40219.1
Project("{9A19103F-16F7-4668-BE54-9A1E7A4F7556}") = "BookStore", "BookStore\BookStore.csproj", "{100C58F8-643B-42EF-AD0F-E01F167574EE}"
EndProject
Project("{FAE04EC0-301F-11D3-BF4B-00C04F79EFBC}") = "BookStore.Test", "BookStore.Test\BookStore.Test.csproj", "{D615CA46-3255-400D-BFFF-5695E496F985}"
EndProject
Global
	GlobalSection(SolutionConfigurationPlatforms) = preSolution
		Debug|Any CPU = Debug|Any CPU
		Release|Any CPU = Release|Any CPU
	EndGlobalSection
	GlobalSection(ProjectConfigurationPlatforms) = postSolution
		{100C58F8-643B-42EF-AD0F-E01F167574EE}.Debug|Any CPU.ActiveCfg = Debug|Any CPU
		{100C58F8-643B-42EF-AD0F-E01F167574EE}.Debug|Any CPU.Build.0 = Debug|Any CPU
		{100C58F8-643B-42EF-AD0F-E01F167574EE}.Release|Any CPU.ActiveCfg = Release|Any CPU
		{100C58F8-643B-42EF-AD0F-E01F167574EE}.Release|Any CPU.Build.0 = Release|Any CPU
		{D615CA46-3255-400D-BFFF-5695E496F985}.Debug|Any CPU.ActiveCfg = Debug|Any CPU
		{D615CA46-3255-400D-BFFF-5695E496F985}.Debug|Any CPU.Build.0 = Debug|Any CPU
		{D615CA46-3255-400D-BFFF-5695E496F985}.Release|Any CPU.ActiveCfg = Release|Any CPU
		{D615CA46-3255-400D-BFFF-5695E496F985}.Release|Any CPU.Build.0 = Release|Any CPU
	EndGlobalSection
	GlobalSection(SolutionProperties) = preSolution
		HideSolutionNode = FALSE
	EndGlobalSection
	GlobalSection(ExtensibilityGlobals) = postSolution
		SolutionGuid = {3F271B96-8131-4BF0-A81B-9E408A499B3F}
	EndGlobalSection
EndGlobal
